
Microsoft Visual Studio Solution File, Format Version 12.00
# Visual Studio Version 17
VisualStudioVersion = 17.3.32901.215
MinimumVisualStudioVersion = 10.0.40219.1
Project("{FAE04EC0-301F-11D3-BF4B-00C04F79EFBC}") = "ZodiacSign.", "..\ZodiacSign\ZodiacSign\ZodiacSign..csproj", "{9EE66633-3FA5-4031-9DF4-DE97C975FF61}"
EndProject
Project("{FAE04EC0-301F-11D3-BF4B-00C04F79EFBC}") = "Application", "..\ZodiacSign\Application\Application.csproj", "{7FD20967-48A5-4B47-A596-807B07914C11}"
EndProject
Global
	GlobalSection(SolutionConfigurationPlatforms) = preSolution
		Debug|Any CPU = Debug|Any CPU
		Release|Any CPU = Release|Any CPU
	EndGlobalSection
	GlobalSection(ProjectConfigurationPlatforms) = postSolution
		{9EE66633-3FA5-4031-9DF4-DE97C975FF61}.Debug|Any CPU.ActiveCfg = Debug|Any CPU
		{9EE66633-3FA5-4031-9DF4-DE97C975FF61}.Debug|Any CPU.Build.0 = Debug|Any CPU
		{9EE66633-3FA5-4031-9DF4-DE97C975FF61}.Release|Any CPU.ActiveCfg = Release|Any CPU
		{9EE66633-3FA5-4031-9DF4-DE97C975FF61}.Release|Any CPU.Build.0 = Release|Any CPU
		{7FD20967-48A5-4B47-A596-807B07914C11}.Debug|Any CPU.ActiveCfg = Debug|Any CPU
		{7FD20967-48A5-4B47-A596-807B07914C11}.Debug|Any CPU.Build.0 = Debug|Any CPU
		{7FD20967-48A5-4B47-A596-807B07914C11}.Release|Any CPU.ActiveCfg = Release|Any CPU
		{7FD20967-48A5-4B47-A596-807B07914C11}.Release|Any CPU.Build.0 = Release|Any CPU
	EndGlobalSection
	GlobalSection(SolutionProperties) = preSolution
		HideSolutionNode = FALSE
	EndGlobalSection
	GlobalSection(ExtensibilityGlobals) = postSolution
		SolutionGuid = {B1CBB8CB-326E-41AA-A81B-2792FA174444}
	EndGlobalSection
EndGlobal
